
Microsoft Visual Studio Solution File, Format Version 12.00
# Visual Studio Version 16
VisualStudioVersion = 16.0.29324.140
MinimumVisualStudioVersion = 10.0.40219.1
Project("{FAE04EC0-301F-11D3-BF4B-00C04F79EFBC}") = "8thMayRevision", "8thMayRevision\8thMayRevision.csproj", "{8C859591-2F01-4152-B134-009AD001D958}"
EndProject
Global
	GlobalSection(SolutionConfigurationPlatforms) = preSolution
		Debug|Any CPU = Debug|Any CPU
		Release|Any CPU = Release|Any CPU
	EndGlobalSection
	GlobalSection(ProjectConfigurationPlatforms) = postSolution
		{8C859591-2F01-4152-B134-009AD001D958}.Debug|Any CPU.ActiveCfg = Debug|Any CPU
		{8C859591-2F01-4152-B134-009AD001D958}.Debug|Any CPU.Build.0 = Debug|Any CPU
		{8C859591-2F01-4152-B134-009AD001D958}.Release|Any CPU.ActiveCfg = Release|Any CPU
		{8C859591-2F01-4152-B134-009AD001D958}.Release|Any CPU.Build.0 = Release|Any CPU
	EndGlobalSection
	GlobalSection(SolutionProperties) = preSolution
		HideSolutionNode = FALSE
	EndGlobalSection
	GlobalSection(ExtensibilityGlobals) = postSolution
		SolutionGuid = {767A588F-D697-44BF-A2F2-E4D5960EC656}
	EndGlobalSection
EndGlobal
